
Microsoft Visual Studio Solution File, Format Version 12.00
# Visual Studio Version 17
VisualStudioVersion = 17.8.34316.72
MinimumVisualStudioVersion = 10.0.40219.1
Project("{9A19103F-16F7-4668-BE54-9A1E7A4F7556}") = "Turbokart.Presentation.Websites.TurbokartDK", "turbokart.site.main\Turbokart.Presentation.Websites.TurbokartDK.csproj", "{6DEBA3DA-F6B8-4277-95EC-0E9A3A367873}"
EndProject
Project("{9A19103F-16F7-4668-BE54-9A1E7A4F7556}") = "Turbokart.Presentation.Apis.TurbokartAPI", "TKApi\Turbokart.Presentation.Apis.TurbokartAPI.csproj", "{B2DFC4B0-1A8A-4A32-B30D-C61F420E858B}"
EndProject
Project("{2150E333-8FDC-42A3-9474-1A3956D46DE8}") = "Websites", "Websites", "{FC3BE6FF-C087-473C-B99F-2407715514B8}"
EndProject
Project("{2150E333-8FDC-42A3-9474-1A3956D46DE8}") = "Apis", "Apis", "{F6CCAC68-C5F7-47CB-802B-657575BB0CEE}"
EndProject
Project("{2150E333-8FDC-42A3-9474-1A3956D46DE8}") = "Domain", "Domain", "{D0316878-37CD-4101-A63F-5324964E5874}"
EndProject
Project("{2150E333-8FDC-42A3-9474-1A3956D46DE8}") = "Presentation", "Presentation", "{E50E4DDB-B8FB-4380-B2D6-2493CBDAB0DA}"
EndProject
Project("{9A19103F-16F7-4668-BE54-9A1E7A4F7556}") = "Turbokart.Domain.Entities", "Entities\Turbokart.Domain.Entities.csproj", "{E3310A55-FAD6-48EF-888E-F001D6FADE3C}"
EndProject
Project("{2150E333-8FDC-42A3-9474-1A3956D46DE8}") = "Application", "Application", "{D5C86491-BFD9-4CE1-A3CB-A10CFFABFFF2}"
EndProject
Project("{2150E333-8FDC-42A3-9474-1A3956D46DE8}") = "Infrastructure", "Infrastructure", "{C49B208F-437D-4467-9954-780CE3072622}"
EndProject
Project("{FAE04EC0-301F-11D3-BF4B-00C04F79EFBC}") = "Turbokart.Presentation.Websites.TurbokartBookingManagement", "Turbokart.Presentation.Websites.TurbokartBookingManagement\Turbokart.Presentation.Websites.TurbokartBookingManagement.csproj", "{2BDC3D04-370B-40B7-84C0-2EC4A4459902}"
EndProject
Global
	GlobalSection(SolutionConfigurationPlatforms) = preSolution
		Debug|Any CPU = Debug|Any CPU
		Release|Any CPU = Release|Any CPU
	EndGlobalSection
	GlobalSection(ProjectConfigurationPlatforms) = postSolution
		{6DEBA3DA-F6B8-4277-95EC-0E9A3A367873}.Debug|Any CPU.ActiveCfg = Debug|Any CPU
		{6DEBA3DA-F6B8-4277-95EC-0E9A3A367873}.Debug|Any CPU.Build.0 = Debug|Any CPU
		{6DEBA3DA-F6B8-4277-95EC-0E9A3A367873}.Release|Any CPU.ActiveCfg = Release|Any CPU
		{6DEBA3DA-F6B8-4277-95EC-0E9A3A367873}.Release|Any CPU.Build.0 = Release|Any CPU
		{B2DFC4B0-1A8A-4A32-B30D-C61F420E858B}.Debug|Any CPU.ActiveCfg = Debug|Any CPU
		{B2DFC4B0-1A8A-4A32-B30D-C61F420E858B}.Debug|Any CPU.Build.0 = Debug|Any CPU
		{B2DFC4B0-1A8A-4A32-B30D-C61F420E858B}.Release|Any CPU.ActiveCfg = Release|Any CPU
		{B2DFC4B0-1A8A-4A32-B30D-C61F420E858B}.Release|Any CPU.Build.0 = Release|Any CPU
		{E3310A55-FAD6-48EF-888E-F001D6FADE3C}.Debug|Any CPU.ActiveCfg = Debug|Any CPU
		{E3310A55-FAD6-48EF-888E-F001D6FADE3C}.Debug|Any CPU.Build.0 = Debug|Any CPU
		{E3310A55-FAD6-48EF-888E-F001D6FADE3C}.Release|Any CPU.ActiveCfg = Release|Any CPU
		{E3310A55-FAD6-48EF-888E-F001D6FADE3C}.Release|Any CPU.Build.0 = Release|Any CPU
		{2BDC3D04-370B-40B7-84C0-2EC4A4459902}.Debug|Any CPU.ActiveCfg = Debug|Any CPU
		{2BDC3D04-370B-40B7-84C0-2EC4A4459902}.Debug|Any CPU.Build.0 = Debug|Any CPU
		{2BDC3D04-370B-40B7-84C0-2EC4A4459902}.Release|Any CPU.ActiveCfg = Release|Any CPU
		{2BDC3D04-370B-40B7-84C0-2EC4A4459902}.Release|Any CPU.Build.0 = Release|Any CPU
	EndGlobalSection
	GlobalSection(SolutionProperties) = preSolution
		HideSolutionNode = FALSE
	EndGlobalSection
	GlobalSection(NestedProjects) = preSolution
		{6DEBA3DA-F6B8-4277-95EC-0E9A3A367873} = {FC3BE6FF-C087-473C-B99F-2407715514B8}
		{B2DFC4B0-1A8A-4A32-B30D-C61F420E858B} = {F6CCAC68-C5F7-47CB-802B-657575BB0CEE}
		{FC3BE6FF-C087-473C-B99F-2407715514B8} = {E50E4DDB-B8FB-4380-B2D6-2493CBDAB0DA}
		{F6CCAC68-C5F7-47CB-802B-657575BB0CEE} = {E50E4DDB-B8FB-4380-B2D6-2493CBDAB0DA}
		{E3310A55-FAD6-48EF-888E-F001D6FADE3C} = {D0316878-37CD-4101-A63F-5324964E5874}
		{2BDC3D04-370B-40B7-84C0-2EC4A4459902} = {FC3BE6FF-C087-473C-B99F-2407715514B8}
	EndGlobalSection
	GlobalSection(ExtensibilityGlobals) = postSolution
		SolutionGuid = {71D48F1B-8C33-4EA2-A7E6-E24CE70811E7}
	EndGlobalSection
EndGlobal
